
Microsoft Visual Studio Solution File, Format Version 12.00
# Visual Studio Version 16
VisualStudioVersion = 16.0.29519.87
MinimumVisualStudioVersion = 10.0.40219.1
Project("{FAE04EC0-301F-11D3-BF4B-00C04F79EFBC}") = "work_with_register", "work_with_register\work_with_register.csproj", "{CE2BA553-FDC5-4CF5-BB6A-7488545D984D}"
EndProject
Global
	GlobalSection(SolutionConfigurationPlatforms) = preSolution
		Debug|Any CPU = Debug|Any CPU
		Release|Any CPU = Release|Any CPU
	EndGlobalSection
	GlobalSection(ProjectConfigurationPlatforms) = postSolution
		{CE2BA553-FDC5-4CF5-BB6A-7488545D984D}.Debug|Any CPU.ActiveCfg = Debug|Any CPU
		{CE2BA553-FDC5-4CF5-BB6A-7488545D984D}.Debug|Any CPU.Build.0 = Debug|Any CPU
		{CE2BA553-FDC5-4CF5-BB6A-7488545D984D}.Release|Any CPU.ActiveCfg = Release|Any CPU
		{CE2BA553-FDC5-4CF5-BB6A-7488545D984D}.Release|Any CPU.Build.0 = Release|Any CPU
	EndGlobalSection
	GlobalSection(SolutionProperties) = preSolution
		HideSolutionNode = FALSE
	EndGlobalSection
	GlobalSection(ExtensibilityGlobals) = postSolution
		SolutionGuid = {03930090-EB3D-4F59-9763-E50499099E03}
	EndGlobalSection
EndGlobal
