
Microsoft Visual Studio Solution File, Format Version 12.00
# Visual Studio Version 16
VisualStudioVersion = 16.0.29519.87
MinimumVisualStudioVersion = 10.0.40219.1
Project("{FAE04EC0-301F-11D3-BF4B-00C04F79EFBC}") = "WindowsFormsApp1", "WindowsFormsApp1\WindowsFormsApp1.csproj", "{DC3BB4B6-7CFE-4328-82E9-F0C7499D396B}"
EndProject
Global
	GlobalSection(SolutionConfigurationPlatforms) = preSolution
		Debug|Any CPU = Debug|Any CPU
		Release|Any CPU = Release|Any CPU
	EndGlobalSection
	GlobalSection(ProjectConfigurationPlatforms) = postSolution
		{DC3BB4B6-7CFE-4328-82E9-F0C7499D396B}.Debug|Any CPU.ActiveCfg = Debug|Any CPU
		{DC3BB4B6-7CFE-4328-82E9-F0C7499D396B}.Debug|Any CPU.Build.0 = Debug|Any CPU
		{DC3BB4B6-7CFE-4328-82E9-F0C7499D396B}.Release|Any CPU.ActiveCfg = Release|Any CPU
		{DC3BB4B6-7CFE-4328-82E9-F0C7499D396B}.Release|Any CPU.Build.0 = Release|Any CPU
	EndGlobalSection
	GlobalSection(SolutionProperties) = preSolution
		HideSolutionNode = FALSE
	EndGlobalSection
	GlobalSection(ExtensibilityGlobals) = postSolution
		SolutionGuid = {8CE0B680-8723-4621-B0A4-A5280E0B2DA6}
	EndGlobalSection
EndGlobal
