
Microsoft Visual Studio Solution File, Format Version 12.00
# Visual Studio Version 16
VisualStudioVersion = 16.0.29215.179
MinimumVisualStudioVersion = 10.0.40219.1
Project("{FAE04EC0-301F-11D3-BF4B-00C04F79EFBC}") = "lab7", "lab7.csproj", "{F280C2C6-7DFE-44BC-B4FB-51EACC5C7B97}"
EndProject
Global
	GlobalSection(SolutionConfigurationPlatforms) = preSolution
		Debug|Any CPU = Debug|Any CPU
		Release|Any CPU = Release|Any CPU
	EndGlobalSection
	GlobalSection(ProjectConfigurationPlatforms) = postSolution
		{F280C2C6-7DFE-44BC-B4FB-51EACC5C7B97}.Debug|Any CPU.ActiveCfg = Debug|Any CPU
		{F280C2C6-7DFE-44BC-B4FB-51EACC5C7B97}.Debug|Any CPU.Build.0 = Debug|Any CPU
		{F280C2C6-7DFE-44BC-B4FB-51EACC5C7B97}.Release|Any CPU.ActiveCfg = Release|Any CPU
		{F280C2C6-7DFE-44BC-B4FB-51EACC5C7B97}.Release|Any CPU.Build.0 = Release|Any CPU
	EndGlobalSection
	GlobalSection(SolutionProperties) = preSolution
		HideSolutionNode = FALSE
	EndGlobalSection
	GlobalSection(ExtensibilityGlobals) = postSolution
		SolutionGuid = {5BB3C472-0669-4EEF-98EB-A8862658198B}
	EndGlobalSection
EndGlobal
